
Microsoft Visual Studio Solution File, Format Version 12.00
# Visual Studio Version 16
VisualStudioVersion = 16.0.29001.49
MinimumVisualStudioVersion = 10.0.40219.1
Project("{FAE04EC0-301F-11D3-BF4B-00C04F79EFBC}") = "OGE", "OGE\OGE.csproj", "{421D974B-2AFD-49B7-8C35-B45FC7641E23}"
EndProject
Global
	GlobalSection(SolutionConfigurationPlatforms) = preSolution
		Debug|Any CPU = Debug|Any CPU
		Release|Any CPU = Release|Any CPU
	EndGlobalSection
	GlobalSection(ProjectConfigurationPlatforms) = postSolution
		{421D974B-2AFD-49B7-8C35-B45FC7641E23}.Debug|Any CPU.ActiveCfg = Debug|Any CPU
		{421D974B-2AFD-49B7-8C35-B45FC7641E23}.Debug|Any CPU.Build.0 = Debug|Any CPU
		{421D974B-2AFD-49B7-8C35-B45FC7641E23}.Release|Any CPU.ActiveCfg = Release|Any CPU
		{421D974B-2AFD-49B7-8C35-B45FC7641E23}.Release|Any CPU.Build.0 = Release|Any CPU
	EndGlobalSection
	GlobalSection(SolutionProperties) = preSolution
		HideSolutionNode = FALSE
	EndGlobalSection
	GlobalSection(ExtensibilityGlobals) = postSolution
		SolutionGuid = {A72C649F-EAAD-45BD-BEA6-6A59C476CBB2}
	EndGlobalSection
EndGlobal
